
Microsoft Visual Studio Solution File, Format Version 12.00
# Visual Studio Version 17
VisualStudioVersion = 17.5.33414.496
MinimumVisualStudioVersion = 10.0.40219.1
Project("{FAE04EC0-301F-11D3-BF4B-00C04F79EFBC}") = "L01_2020SC603", "L01_2020SC603\L01_2020SC603.csproj", "{A10FD1EF-6564-4889-BE71-4CB3ED5259F1}"
EndProject
Global
	GlobalSection(SolutionConfigurationPlatforms) = preSolution
		Debug|Any CPU = Debug|Any CPU
		Release|Any CPU = Release|Any CPU
	EndGlobalSection
	GlobalSection(ProjectConfigurationPlatforms) = postSolution
		{A10FD1EF-6564-4889-BE71-4CB3ED5259F1}.Debug|Any CPU.ActiveCfg = Debug|Any CPU
		{A10FD1EF-6564-4889-BE71-4CB3ED5259F1}.Debug|Any CPU.Build.0 = Debug|Any CPU
		{A10FD1EF-6564-4889-BE71-4CB3ED5259F1}.Release|Any CPU.ActiveCfg = Release|Any CPU
		{A10FD1EF-6564-4889-BE71-4CB3ED5259F1}.Release|Any CPU.Build.0 = Release|Any CPU
	EndGlobalSection
	GlobalSection(SolutionProperties) = preSolution
		HideSolutionNode = FALSE
	EndGlobalSection
	GlobalSection(ExtensibilityGlobals) = postSolution
		SolutionGuid = {0F01304C-C316-46E5-A561-D6CD20E05CF6}
	EndGlobalSection
EndGlobal
